{
  "name": "awesome-hosts-manager",
  "version": "1.0.0",
  "lockfileVersion": 3,
  "requires": true,
  "packages": {
    "": {
      "name": "awesome-hosts-manager",
      "version": "1.0.0",
      "dependencies": {
        "preact": "^10.0.0"
      }
    },
    "node_modules/preact": {
      "version": "10.26.9",
      "resolved": "http://registry.m.jd.com/preact/download/preact-10.26.9.tgz",
      "integrity": "sha1-s4mNG2UUBkB5kGKtc7iYRsKTtqc=",
      "license": "MIT",
      "funding": {
        "type": "opencollective",
        "url": "https://opencollective.com/preact"
      }
    }
  }
}
