# THIS IS AN AUTOGENERATED FILE. DO NOT EDIT THIS FILE DIRECTLY.
# yarn lockfile v1


"@esbuild/darwin-arm64@0.25.8":
  version "0.25.8"
  resolved "http://registry.m.jd.com/@esbuild/darwin-arm64/download/@esbuild/darwin-arm64-0.25.8.tgz"
  integrity sha1-peElLKKYPVZq8cDqOa3tZXNvxm0=

esbuild@^0.25.8:
  version "0.25.8"
  resolved "http://registry.m.jd.com/esbuild/download/esbuild-0.25.8.tgz"
  integrity sha1-SC1CGYtCfJwvOoG2PXZjrssd2gc=
  optionalDependencies:
    "@esbuild/aix-ppc64" "0.25.8"
    "@esbuild/android-arm" "0.25.8"
    "@esbuild/android-arm64" "0.25.8"
    "@esbuild/android-x64" "0.25.8"
    "@esbuild/darwin-arm64" "0.25.8"
    "@esbuild/darwin-x64" "0.25.8"
    "@esbuild/freebsd-arm64" "0.25.8"
    "@esbuild/freebsd-x64" "0.25.8"
    "@esbuild/linux-arm" "0.25.8"
    "@esbuild/linux-arm64" "0.25.8"
    "@esbuild/linux-ia32" "0.25.8"
    "@esbuild/linux-loong64" "0.25.8"
    "@esbuild/linux-mips64el" "0.25.8"
    "@esbuild/linux-ppc64" "0.25.8"
    "@esbuild/linux-riscv64" "0.25.8"
    "@esbuild/linux-s390x" "0.25.8"
    "@esbuild/linux-x64" "0.25.8"
    "@esbuild/netbsd-arm64" "0.25.8"
    "@esbuild/netbsd-x64" "0.25.8"
    "@esbuild/openbsd-arm64" "0.25.8"
    "@esbuild/openbsd-x64" "0.25.8"
    "@esbuild/openharmony-arm64" "0.25.8"
    "@esbuild/sunos-x64" "0.25.8"
    "@esbuild/win32-arm64" "0.25.8"
    "@esbuild/win32-ia32" "0.25.8"
    "@esbuild/win32-x64" "0.25.8"

preact@^10.26.9:
  version "10.26.9"
  resolved "http://registry.m.jd.com/preact/download/preact-10.26.9.tgz"
  integrity sha1-s4mNG2UUBkB5kGKtc7iYRsKTtqc=

typescript@^5.8.3:
  version "5.8.3"
  resolved "http://registry.m.jd.com/typescript/download/typescript-5.8.3.tgz"
  integrity sha1-kvij5ePPSXNW9BeMNM1lp/XoRA4=
